
Microsoft Visual Studio Solution File, Format Version 12.00
# Visual Studio 15
VisualStudioVersion = 15.0.28307.757
MinimumVisualStudioVersion = 10.0.40219.1
Project("{E24C65DC-7377-472B-9ABA-BC803B73C61A}") = "WD3_formValidationAssignment", "WD3_formValidationAssignment\", "{0F91EB64-2D1D-4E7E-885B-ABBDF947CAE3}"
	ProjectSection(WebsiteProperties) = preProject
		TargetFrameworkMoniker = ".NETFramework,Version%3Dv4.6.1"
		Debug.AspNetCompiler.VirtualPath = "/localhost_55475"
		Debug.AspNetCompiler.PhysicalPath = "WD3_formValidationAssignment\"
		Debug.AspNetCompiler.TargetPath = "PrecompiledWeb\localhost_55475\"
		Debug.AspNetCompiler.Updateable = "true"
		Debug.AspNetCompiler.ForceOverwrite = "true"
		Debug.AspNetCompiler.FixedNames = "false"
		Debug.AspNetCompiler.Debug = "True"
		Release.AspNetCompiler.VirtualPath = "/localhost_55475"
		Release.AspNetCompiler.PhysicalPath = "WD3_formValidationAssignment\"
		Release.AspNetCompiler.TargetPath = "PrecompiledWeb\localhost_55475\"
		Release.AspNetCompiler.Updateable = "true"
		Release.AspNetCompiler.ForceOverwrite = "true"
		Release.AspNetCompiler.FixedNames = "false"
		Release.AspNetCompiler.Debug = "False"
		VWDPort = "55475"
		SlnRelativePath = "WD3_formValidationAssignment\"
		DefaultWebSiteLanguage = "Visual C#"
	EndProjectSection
EndProject
Project("{2150E333-8FDC-42A3-9474-1A3956D46DE8}") = "Solution Items", "Solution Items", "{43B43F3A-F583-45A6-87CE-7373743C591F}"
	ProjectSection(SolutionItems) = preProject
		C:\Users\Jen Plaza\Google Drive\17 - Project and Portfolio 3\formValidation\basic\css\images\debutlight.png = C:\Users\Jen Plaza\Google Drive\17 - Project and Portfolio 3\formValidation\basic\css\images\debutlight.png
	EndProjectSection
EndProject
Global
	GlobalSection(SolutionConfigurationPlatforms) = preSolution
		Debug|Any CPU = Debug|Any CPU
	EndGlobalSection
	GlobalSection(ProjectConfigurationPlatforms) = postSolution
		{0F91EB64-2D1D-4E7E-885B-ABBDF947CAE3}.Debug|Any CPU.ActiveCfg = Debug|Any CPU
		{0F91EB64-2D1D-4E7E-885B-ABBDF947CAE3}.Debug|Any CPU.Build.0 = Debug|Any CPU
	EndGlobalSection
	GlobalSection(SolutionProperties) = preSolution
		HideSolutionNode = FALSE
	EndGlobalSection
	GlobalSection(ExtensibilityGlobals) = postSolution
		SolutionGuid = {C9895E9E-1087-4682-8735-95BA68102A93}
	EndGlobalSection
EndGlobal
